
Microsoft Visual Studio Solution File, Format Version 12.00
# Visual Studio Version 16
VisualStudioVersion = 16.0.31424.327
MinimumVisualStudioVersion = 10.0.40219.1
Project("{8BC9CEB8-8B4A-11D0-8D11-00A0C91BC942}") = "ArrayProcessing4", "ArrayProcessing4\ArrayProcessing4.vcxproj", "{96404116-0F68-4799-A2EC-23F56DCE7577}"
EndProject
Global
	GlobalSection(SolutionConfigurationPlatforms) = preSolution
		Debug|x64 = Debug|x64
		Debug|x86 = Debug|x86
		Release|x64 = Release|x64
		Release|x86 = Release|x86
	EndGlobalSection
	GlobalSection(ProjectConfigurationPlatforms) = postSolution
		{96404116-0F68-4799-A2EC-23F56DCE7577}.Debug|x64.ActiveCfg = Debug|x64
		{96404116-0F68-4799-A2EC-23F56DCE7577}.Debug|x64.Build.0 = Debug|x64
		{96404116-0F68-4799-A2EC-23F56DCE7577}.Debug|x86.ActiveCfg = Debug|Win32
		{96404116-0F68-4799-A2EC-23F56DCE7577}.Debug|x86.Build.0 = Debug|Win32
		{96404116-0F68-4799-A2EC-23F56DCE7577}.Release|x64.ActiveCfg = Release|x64
		{96404116-0F68-4799-A2EC-23F56DCE7577}.Release|x64.Build.0 = Release|x64
		{96404116-0F68-4799-A2EC-23F56DCE7577}.Release|x86.ActiveCfg = Release|Win32
		{96404116-0F68-4799-A2EC-23F56DCE7577}.Release|x86.Build.0 = Release|Win32
	EndGlobalSection
	GlobalSection(SolutionProperties) = preSolution
		HideSolutionNode = FALSE
	EndGlobalSection
	GlobalSection(ExtensibilityGlobals) = postSolution
		SolutionGuid = {B0C7DA05-69B9-4DA3-A62D-FD9C1FCBF045}
	EndGlobalSection
EndGlobal
